
Microsoft Visual Studio Solution File, Format Version 10.00
# Visual Studio 2008
Project("{8BC9CEB8-8B4A-11D0-8D11-00A0C91BC942}") = "SFMQTDLL", "SFMQTDLL\SFMQTDLL.vcproj", "{99B8CA09-7919-4F15-A1D0-92D6E72685C4}"
EndProject
Project("{8BC9CEB8-8B4A-11D0-8D11-00A0C91BC942}") = "SFMQTGUI", "SFMQTGUI\SFMQTGUI.vcproj", "{2B07268D-3348-484A-ABB5-C7BD5851285C}"
EndProject
Global
	GlobalSection(SolutionConfigurationPlatforms) = preSolution
		CD_ROM|Win32 = CD_ROM|Win32
		Custom|Win32 = Custom|Win32
		Debug|Win32 = Debug|Win32
		DVD-10|Win32 = DVD-10|Win32
		DVD-18|Win32 = DVD-18|Win32
		DVD-5|Win32 = DVD-5|Win32
		DVD-9|Win32 = DVD-9|Win32
		Release|Win32 = Release|Win32
		SingleImage|Win32 = SingleImage|Win32
		WebDeployment|Win32 = WebDeployment|Win32
	EndGlobalSection
	GlobalSection(ProjectConfigurationPlatforms) = postSolution
		{99B8CA09-7919-4F15-A1D0-92D6E72685C4}.CD_ROM|Win32.ActiveCfg = Debug|Win32
		{99B8CA09-7919-4F15-A1D0-92D6E72685C4}.CD_ROM|Win32.Build.0 = Debug|Win32
		{99B8CA09-7919-4F15-A1D0-92D6E72685C4}.Custom|Win32.ActiveCfg = Debug|Win32
		{99B8CA09-7919-4F15-A1D0-92D6E72685C4}.Custom|Win32.Build.0 = Debug|Win32
		{99B8CA09-7919-4F15-A1D0-92D6E72685C4}.Debug|Win32.ActiveCfg = Debug|Win32
		{99B8CA09-7919-4F15-A1D0-92D6E72685C4}.Debug|Win32.Build.0 = Debug|Win32
		{99B8CA09-7919-4F15-A1D0-92D6E72685C4}.DVD-10|Win32.ActiveCfg = Debug|Win32
		{99B8CA09-7919-4F15-A1D0-92D6E72685C4}.DVD-10|Win32.Build.0 = Debug|Win32
		{99B8CA09-7919-4F15-A1D0-92D6E72685C4}.DVD-18|Win32.ActiveCfg = Debug|Win32
		{99B8CA09-7919-4F15-A1D0-92D6E72685C4}.DVD-18|Win32.Build.0 = Debug|Win32
		{99B8CA09-7919-4F15-A1D0-92D6E72685C4}.DVD-5|Win32.ActiveCfg = Debug|Win32
		{99B8CA09-7919-4F15-A1D0-92D6E72685C4}.DVD-5|Win32.Build.0 = Debug|Win32
		{99B8CA09-7919-4F15-A1D0-92D6E72685C4}.DVD-9|Win32.ActiveCfg = Debug|Win32
		{99B8CA09-7919-4F15-A1D0-92D6E72685C4}.DVD-9|Win32.Build.0 = Debug|Win32
		{99B8CA09-7919-4F15-A1D0-92D6E72685C4}.Release|Win32.ActiveCfg = Release|Win32
		{99B8CA09-7919-4F15-A1D0-92D6E72685C4}.Release|Win32.Build.0 = Release|Win32
		{99B8CA09-7919-4F15-A1D0-92D6E72685C4}.SingleImage|Win32.ActiveCfg = Debug|Win32
		{99B8CA09-7919-4F15-A1D0-92D6E72685C4}.SingleImage|Win32.Build.0 = Debug|Win32
		{99B8CA09-7919-4F15-A1D0-92D6E72685C4}.WebDeployment|Win32.ActiveCfg = Debug|Win32
		{99B8CA09-7919-4F15-A1D0-92D6E72685C4}.WebDeployment|Win32.Build.0 = Debug|Win32
		{2B07268D-3348-484A-ABB5-C7BD5851285C}.CD_ROM|Win32.ActiveCfg = Debug|Win32
		{2B07268D-3348-484A-ABB5-C7BD5851285C}.CD_ROM|Win32.Build.0 = Debug|Win32
		{2B07268D-3348-484A-ABB5-C7BD5851285C}.Custom|Win32.ActiveCfg = Debug|Win32
		{2B07268D-3348-484A-ABB5-C7BD5851285C}.Custom|Win32.Build.0 = Debug|Win32
		{2B07268D-3348-484A-ABB5-C7BD5851285C}.Debug|Win32.ActiveCfg = Debug|Win32
		{2B07268D-3348-484A-ABB5-C7BD5851285C}.Debug|Win32.Build.0 = Debug|Win32
		{2B07268D-3348-484A-ABB5-C7BD5851285C}.DVD-10|Win32.ActiveCfg = Debug|Win32
		{2B07268D-3348-484A-ABB5-C7BD5851285C}.DVD-10|Win32.Build.0 = Debug|Win32
		{2B07268D-3348-484A-ABB5-C7BD5851285C}.DVD-18|Win32.ActiveCfg = Debug|Win32
		{2B07268D-3348-484A-ABB5-C7BD5851285C}.DVD-18|Win32.Build.0 = Debug|Win32
		{2B07268D-3348-484A-ABB5-C7BD5851285C}.DVD-5|Win32.ActiveCfg = Debug|Win32
		{2B07268D-3348-484A-ABB5-C7BD5851285C}.DVD-5|Win32.Build.0 = Debug|Win32
		{2B07268D-3348-484A-ABB5-C7BD5851285C}.DVD-9|Win32.ActiveCfg = Debug|Win32
		{2B07268D-3348-484A-ABB5-C7BD5851285C}.DVD-9|Win32.Build.0 = Debug|Win32
		{2B07268D-3348-484A-ABB5-C7BD5851285C}.Release|Win32.ActiveCfg = Release|Win32
		{2B07268D-3348-484A-ABB5-C7BD5851285C}.Release|Win32.Build.0 = Release|Win32
		{2B07268D-3348-484A-ABB5-C7BD5851285C}.SingleImage|Win32.ActiveCfg = Debug|Win32
		{2B07268D-3348-484A-ABB5-C7BD5851285C}.SingleImage|Win32.Build.0 = Debug|Win32
		{2B07268D-3348-484A-ABB5-C7BD5851285C}.WebDeployment|Win32.ActiveCfg = Debug|Win32
		{2B07268D-3348-484A-ABB5-C7BD5851285C}.WebDeployment|Win32.Build.0 = Debug|Win32
	EndGlobalSection
	GlobalSection(SolutionProperties) = preSolution
		HideSolutionNode = FALSE
	EndGlobalSection
EndGlobal
